
Microsoft Visual Studio Solution File, Format Version 12.00
# Visual Studio Version 16
VisualStudioVersion = 16.0.32002.261
MinimumVisualStudioVersion = 10.0.40219.1
Project("{FAE04EC0-301F-11D3-BF4B-00C04F79EFBC}") = "Laba18 Wpf", "Laba18 Wpf\Laba18 Wpf.csproj", "{280E1748-86D7-4276-8AB8-4A6CA8EBE8F8}"
EndProject
Global
	GlobalSection(SolutionConfigurationPlatforms) = preSolution
		Debug|Any CPU = Debug|Any CPU
		Release|Any CPU = Release|Any CPU
	EndGlobalSection
	GlobalSection(ProjectConfigurationPlatforms) = postSolution
		{280E1748-86D7-4276-8AB8-4A6CA8EBE8F8}.Debug|Any CPU.ActiveCfg = Debug|Any CPU
		{280E1748-86D7-4276-8AB8-4A6CA8EBE8F8}.Debug|Any CPU.Build.0 = Debug|Any CPU
		{280E1748-86D7-4276-8AB8-4A6CA8EBE8F8}.Release|Any CPU.ActiveCfg = Release|Any CPU
		{280E1748-86D7-4276-8AB8-4A6CA8EBE8F8}.Release|Any CPU.Build.0 = Release|Any CPU
	EndGlobalSection
	GlobalSection(SolutionProperties) = preSolution
		HideSolutionNode = FALSE
	EndGlobalSection
	GlobalSection(ExtensibilityGlobals) = postSolution
		SolutionGuid = {E17EEAA5-04AD-49D1-9898-1064E69DC241}
	EndGlobalSection
EndGlobal
